
Microsoft Visual Studio Solution File, Format Version 12.00
# Visual Studio 14
VisualStudioVersion = 14.0.25420.1
MinimumVisualStudioVersion = 10.0.40219.1
Project("{E24C65DC-7377-472B-9ABA-BC803B73C61A}") = "UI_TallerCapacitacionWeb", "http://localhost/UI_TallerCapacitacionWeb", "{E642ECFA-5CE9-4E40-B12F-3F4BB110E478}"
	ProjectSection(WebsiteProperties) = preProject
		SccProjectName = "SAK"
		SccAuxPath = "SAK"
		SccLocalPath = "SAK"
		SccProvider = "SAK"
		UseIISExpress = "false"
		TargetFrameworkMoniker = ".NETFramework,Version%3Dv4.0"
		Debug.AspNetCompiler.VirtualPath = "/UI_TallerCapacitacionWeb"
		Debug.AspNetCompiler.PhysicalPath = "UI_TallerCapacitacionWeb\"
		Debug.AspNetCompiler.TargetPath = "PrecompiledWeb\UI_TallerCapacitacionWeb\"
		Debug.AspNetCompiler.Updateable = "true"
		Debug.AspNetCompiler.ForceOverwrite = "true"
		Debug.AspNetCompiler.FixedNames = "false"
		Debug.AspNetCompiler.Debug = "True"
		Release.AspNetCompiler.VirtualPath = "/UI_TallerCapacitacionWeb"
		Release.AspNetCompiler.PhysicalPath = "UI_TallerCapacitacionWeb\"
		Release.AspNetCompiler.TargetPath = "PrecompiledWeb\UI_TallerCapacitacionWeb\"
		Release.AspNetCompiler.Updateable = "true"
		Release.AspNetCompiler.ForceOverwrite = "true"
		Release.AspNetCompiler.FixedNames = "false"
		Release.AspNetCompiler.Debug = "False"
		SlnRelativePath = "UI_TallerCapacitacionWeb\"
	EndProjectSection
EndProject
Global
	GlobalSection(SolutionConfigurationPlatforms) = preSolution
		Debug|Any CPU = Debug|Any CPU
	EndGlobalSection
	GlobalSection(ProjectConfigurationPlatforms) = postSolution
		{E642ECFA-5CE9-4E40-B12F-3F4BB110E478}.Debug|Any CPU.ActiveCfg = Debug|Any CPU
		{E642ECFA-5CE9-4E40-B12F-3F4BB110E478}.Debug|Any CPU.Build.0 = Debug|Any CPU
	EndGlobalSection
	GlobalSection(SolutionProperties) = preSolution
		HideSolutionNode = FALSE
	EndGlobalSection
	GlobalSection(TeamFoundationVersionControl) = preSolution
		SccNumberOfProjects = 2
		SccEnterpriseProvider = {4CA58AB2-18FA-4F8D-95D4-32DDF27D184C}
		SccTeamFoundationServer = http://tfs.sdp.ucr.ac.cr/sdp_proyectos
		SccLocalPath0 = .
		SccWebProject1 = true
		SccProjectUniqueName1 = http://localhost/UI_TallerCapacitacionWeb
		SccProjectName1 = UI_TallerCapacitacionWeb
		SccLocalPath1 = UI_TallerCapacitacionWeb
		SccProjectEnlistmentChoice1 = 2
	EndGlobalSection
EndGlobal
