
Microsoft Visual Studio Solution File, Format Version 12.00
# Visual Studio 14
VisualStudioVersion = 14.0.24720.0
MinimumVisualStudioVersion = 10.0.40219.1
Project("{FAE04EC0-301F-11D3-BF4B-00C04F79EFBC}") = "ADO_tests", "ADO_tests\ADO_tests.csproj", "{DDCBB8B8-C2C8-4A7F-894F-74DD1978E738}"
EndProject
Global
	GlobalSection(SolutionConfigurationPlatforms) = preSolution
		Debug|Any CPU = Debug|Any CPU
		Release|Any CPU = Release|Any CPU
	EndGlobalSection
	GlobalSection(ProjectConfigurationPlatforms) = postSolution
		{DDCBB8B8-C2C8-4A7F-894F-74DD1978E738}.Debug|Any CPU.ActiveCfg = Debug|Any CPU
		{DDCBB8B8-C2C8-4A7F-894F-74DD1978E738}.Debug|Any CPU.Build.0 = Debug|Any CPU
		{DDCBB8B8-C2C8-4A7F-894F-74DD1978E738}.Release|Any CPU.ActiveCfg = Release|Any CPU
		{DDCBB8B8-C2C8-4A7F-894F-74DD1978E738}.Release|Any CPU.Build.0 = Release|Any CPU
	EndGlobalSection
	GlobalSection(SolutionProperties) = preSolution
		HideSolutionNode = FALSE
	EndGlobalSection
EndGlobal
