
Microsoft Visual Studio Solution File, Format Version 12.00
# Visual Studio 2012
Project("{E24C65DC-7377-472B-9ABA-BC803B73C61A}") = "UI_OrdenesDeTrabajoWeb", "http://localhost/UI_OrdenesDeTrabajoWeb", "{77DF463B-22AE-4B95-A0EE-21EDE2141801}"
	ProjectSection(WebsiteProperties) = preProject
		SccProjectName = "SAK"
		SccAuxPath = "SAK"
		SccLocalPath = "SAK"
		SccProvider = "SAK"
		UseIISExpress = "false"
		TargetFrameworkMoniker = ".NETFramework,Version%3Dv4.0"
		Debug.AspNetCompiler.VirtualPath = "/UI_OrdenesDeTrabajoWeb"
		Debug.AspNetCompiler.PhysicalPath = "UI_OrdenesDeTrabajoWeb\"
		Debug.AspNetCompiler.TargetPath = "PrecompiledWeb\UI_OrdenesDeTrabajoWeb\"
		Debug.AspNetCompiler.Updateable = "true"
		Debug.AspNetCompiler.ForceOverwrite = "true"
		Debug.AspNetCompiler.FixedNames = "false"
		Debug.AspNetCompiler.Debug = "True"
		Release.AspNetCompiler.VirtualPath = "/UI_OrdenesDeTrabajoWeb"
		Release.AspNetCompiler.PhysicalPath = "UI_OrdenesDeTrabajoWeb\"
		Release.AspNetCompiler.TargetPath = "PrecompiledWeb\UI_OrdenesDeTrabajoWeb\"
		Release.AspNetCompiler.Updateable = "true"
		Release.AspNetCompiler.ForceOverwrite = "true"
		Release.AspNetCompiler.FixedNames = "false"
		Release.AspNetCompiler.Debug = "False"
		SlnRelativePath = "UI_OrdenesDeTrabajoWeb\"
		DefaultWebSiteLanguage = "Visual Basic"
	EndProjectSection
EndProject
Global
	GlobalSection(TeamFoundationVersionControl) = preSolution
		SccNumberOfProjects = 2
		SccEnterpriseProvider = {4CA58AB2-18FA-4F8D-95D4-32DDF27D184C}
		SccTeamFoundationServer = http://tfs.sdp.ucr.ac.cr/sdp_proyectos
		SccLocalPath0 = .
		SccWebProject1 = true
		SccProjectUniqueName1 = http://localhost/UI_OrdenesDeTrabajoWeb
		SccProjectName1 = UI_OrdenesDeTrabajoWeb
		SccLocalPath1 = UI_OrdenesDeTrabajoWeb
		SccProjectEnlistmentChoice1 = 2
	EndGlobalSection
	GlobalSection(SolutionConfigurationPlatforms) = preSolution
		Debug|Any CPU = Debug|Any CPU
	EndGlobalSection
	GlobalSection(ProjectConfigurationPlatforms) = postSolution
		{77DF463B-22AE-4B95-A0EE-21EDE2141801}.Debug|Any CPU.ActiveCfg = Debug|Any CPU
		{77DF463B-22AE-4B95-A0EE-21EDE2141801}.Debug|Any CPU.Build.0 = Debug|Any CPU
	EndGlobalSection
	GlobalSection(SolutionProperties) = preSolution
		HideSolutionNode = FALSE
	EndGlobalSection
EndGlobal
