
Microsoft Visual Studio Solution File, Format Version 12.00
# Visual Studio 14
VisualStudioVersion = 14.0.25420.1
MinimumVisualStudioVersion = 10.0.40219.1
Project("{F184B08F-C81C-45F6-A57F-5ABD9991F28F}") = "ENT_TallerCapacitacion", "ENT_TallerCapacitacion\ENT_TallerCapacitacion.vbproj", "{D5AD54F5-F39E-4D03-BBF9-65A0B682222D}"
EndProject
Project("{F184B08F-C81C-45F6-A57F-5ABD9991F28F}") = "DAL_TallerCapacitacion", "DAL_TallerCapacitacion\DAL_TallerCapacitacion.vbproj", "{6A4F6051-CE43-4745-B6D5-7C889FC6C69B}"
EndProject
Project("{F184B08F-C81C-45F6-A57F-5ABD9991F28F}") = "BLL_TallerCapacitacion", "BLL_TallerCapacitacion\BLL_TallerCapacitacion.vbproj", "{5A48FF2A-EC52-44AC-82E9-5466FBB4A2CD}"
EndProject
Project("{E24C65DC-7377-472B-9ABA-BC803B73C61A}") = "SLA_TallerCapacitacion", "http://localhost/SLA_TallerCapacitacion", "{FE5E1C29-5EC1-4A29-A75D-161CCCF2FA52}"
	ProjectSection(WebsiteProperties) = preProject
		SccProjectName = "SAK"
		SccAuxPath = "SAK"
		SccLocalPath = "SAK"
		SccProvider = "SAK"
		UseIISExpress = "false"
		TargetFrameworkMoniker = ".NETFramework,Version%3Dv4.0"
		ProjectReferences = "{5a48ff2a-ec52-44ac-82e9-5466fbb4a2cd}|BLL_TallerCapacitacion.dll;{6A4F6051-CE43-4745-B6D5-7C889FC6C69B}|DAL_TallerCapacitacion.dll;{D5AD54F5-F39E-4D03-BBF9-65A0B682222D}|ENT_TallerCapacitacion.dll;"
		Debug.AspNetCompiler.VirtualPath = "/SLA_TallerCapacitacion"
		Debug.AspNetCompiler.PhysicalPath = "SLA_TallerCapacitacion\"
		Debug.AspNetCompiler.TargetPath = "PrecompiledWeb\SLA_TallerCapacitacion\"
		Debug.AspNetCompiler.Updateable = "true"
		Debug.AspNetCompiler.ForceOverwrite = "true"
		Debug.AspNetCompiler.FixedNames = "false"
		Debug.AspNetCompiler.Debug = "True"
		Release.AspNetCompiler.VirtualPath = "/SLA_TallerCapacitacion"
		Release.AspNetCompiler.PhysicalPath = "SLA_TallerCapacitacion\"
		Release.AspNetCompiler.TargetPath = "PrecompiledWeb\SLA_TallerCapacitacion\"
		Release.AspNetCompiler.Updateable = "true"
		Release.AspNetCompiler.ForceOverwrite = "true"
		Release.AspNetCompiler.FixedNames = "false"
		Release.AspNetCompiler.Debug = "False"
		SlnRelativePath = "SLA_TallerCapacitacion\"
	EndProjectSection
EndProject
Global
	GlobalSection(SolutionConfigurationPlatforms) = preSolution
		Debug|Any CPU = Debug|Any CPU
		Release|Any CPU = Release|Any CPU
	EndGlobalSection
	GlobalSection(ProjectConfigurationPlatforms) = postSolution
		{D5AD54F5-F39E-4D03-BBF9-65A0B682222D}.Debug|Any CPU.ActiveCfg = Debug|Any CPU
		{D5AD54F5-F39E-4D03-BBF9-65A0B682222D}.Debug|Any CPU.Build.0 = Debug|Any CPU
		{D5AD54F5-F39E-4D03-BBF9-65A0B682222D}.Release|Any CPU.ActiveCfg = Release|Any CPU
		{D5AD54F5-F39E-4D03-BBF9-65A0B682222D}.Release|Any CPU.Build.0 = Release|Any CPU
		{6A4F6051-CE43-4745-B6D5-7C889FC6C69B}.Debug|Any CPU.ActiveCfg = Debug|Any CPU
		{6A4F6051-CE43-4745-B6D5-7C889FC6C69B}.Debug|Any CPU.Build.0 = Debug|Any CPU
		{6A4F6051-CE43-4745-B6D5-7C889FC6C69B}.Release|Any CPU.ActiveCfg = Release|Any CPU
		{6A4F6051-CE43-4745-B6D5-7C889FC6C69B}.Release|Any CPU.Build.0 = Release|Any CPU
		{5A48FF2A-EC52-44AC-82E9-5466FBB4A2CD}.Debug|Any CPU.ActiveCfg = Debug|Any CPU
		{5A48FF2A-EC52-44AC-82E9-5466FBB4A2CD}.Debug|Any CPU.Build.0 = Debug|Any CPU
		{5A48FF2A-EC52-44AC-82E9-5466FBB4A2CD}.Release|Any CPU.ActiveCfg = Release|Any CPU
		{5A48FF2A-EC52-44AC-82E9-5466FBB4A2CD}.Release|Any CPU.Build.0 = Release|Any CPU
		{FE5E1C29-5EC1-4A29-A75D-161CCCF2FA52}.Debug|Any CPU.ActiveCfg = Debug|Any CPU
		{FE5E1C29-5EC1-4A29-A75D-161CCCF2FA52}.Debug|Any CPU.Build.0 = Debug|Any CPU
		{FE5E1C29-5EC1-4A29-A75D-161CCCF2FA52}.Release|Any CPU.ActiveCfg = Debug|Any CPU
		{FE5E1C29-5EC1-4A29-A75D-161CCCF2FA52}.Release|Any CPU.Build.0 = Debug|Any CPU
	EndGlobalSection
	GlobalSection(SolutionProperties) = preSolution
		HideSolutionNode = FALSE
	EndGlobalSection
	GlobalSection(TeamFoundationVersionControl) = preSolution
		SccNumberOfProjects = 5
		SccEnterpriseProvider = {4CA58AB2-18FA-4F8D-95D4-32DDF27D184C}
		SccTeamFoundationServer = http://tfs.sdp.ucr.ac.cr/sdp_proyectos
		SccLocalPath0 = .
		SccProjectUniqueName1 = ENT_TallerCapacitacion\\ENT_TallerCapacitacion.vbproj
		SccProjectName1 = ENT_TallerCapacitacion
		SccLocalPath1 = ENT_TallerCapacitacion
		SccProjectUniqueName2 = DAL_TallerCapacitacion\\DAL_TallerCapacitacion.vbproj
		SccProjectName2 = DAL_TallerCapacitacion
		SccLocalPath2 = DAL_TallerCapacitacion
		SccProjectUniqueName3 = BLL_TallerCapacitacion\\BLL_TallerCapacitacion.vbproj
		SccProjectName3 = BLL_TallerCapacitacion
		SccLocalPath3 = BLL_TallerCapacitacion
		SccWebProject4 = true
		SccProjectUniqueName4 = http://localhost/SLA_TallerCapacitacion
		SccProjectName4 = SLA_TallerCapacitacion
		SccLocalPath4 = SLA_TallerCapacitacion
		SccProjectEnlistmentChoice4 = 2
	EndGlobalSection
EndGlobal
