
Microsoft Visual Studio Solution File, Format Version 12.00
# Visual Studio 2012
Project("{F14B399A-7131-4C87-9E4B-1186C45EF12D}") = "RPT_OrdenesDeTrabajoWeb", "RPT_OrdenesDeTrabajoWeb\RPT_OrdenesDeTrabajoWeb.rptproj", "{D78BE7E3-8CEB-4F38-A4FE-4CDDA2E23911}"
EndProject
Global
	GlobalSection(TeamFoundationVersionControl) = preSolution
		SccNumberOfProjects = 2
		SccEnterpriseProvider = {4CA58AB2-18FA-4F8D-95D4-32DDF27D184C}
		SccTeamFoundationServer = http://tfs.sdp.ucr.ac.cr/sdp_proyectos
		SccLocalPath0 = .
		SccProjectUniqueName1 = RPT_OrdenesDeTrabajoWeb\\RPT_OrdenesDeTrabajoWeb.rptproj
		SccProjectName1 = RPT_OrdenesDeTrabajoWeb
		SccLocalPath1 = RPT_OrdenesDeTrabajoWeb
	EndGlobalSection
	GlobalSection(SolutionConfigurationPlatforms) = preSolution
		Debug|Default = Debug|Default
		DebugLocal|Default = DebugLocal|Default
		Release|Default = Release|Default
	EndGlobalSection
	GlobalSection(ProjectConfigurationPlatforms) = postSolution
		{D78BE7E3-8CEB-4F38-A4FE-4CDDA2E23911}.Debug|Default.ActiveCfg = Debug
		{D78BE7E3-8CEB-4F38-A4FE-4CDDA2E23911}.Debug|Default.Build.0 = Debug
		{D78BE7E3-8CEB-4F38-A4FE-4CDDA2E23911}.Debug|Default.Deploy.0 = Debug
		{D78BE7E3-8CEB-4F38-A4FE-4CDDA2E23911}.DebugLocal|Default.ActiveCfg = DebugLocal
		{D78BE7E3-8CEB-4F38-A4FE-4CDDA2E23911}.DebugLocal|Default.Build.0 = DebugLocal
		{D78BE7E3-8CEB-4F38-A4FE-4CDDA2E23911}.Release|Default.ActiveCfg = Release
		{D78BE7E3-8CEB-4F38-A4FE-4CDDA2E23911}.Release|Default.Build.0 = Release
		{D78BE7E3-8CEB-4F38-A4FE-4CDDA2E23911}.Release|Default.Deploy.0 = Release
	EndGlobalSection
	GlobalSection(SolutionProperties) = preSolution
		HideSolutionNode = FALSE
	EndGlobalSection
EndGlobal
